{
    "_readme": [
        "This file locks the dependencies of your project to a known state",
        "Read more about it at http://getcomposer.org/doc/01-basic-usage.md#composer-lock-the-lock-file",
        "This file is @generated automatically"
    ],
    "hash": "7523f7e612965b71c1775ee18b7a7e9e",
    "packages": [
        {
            "name": "codeigniter/framework",
            "version": "dev-develop",
            "source": {
                "type": "git",
                "url": "https://github.com/bcit-ci/CodeIgniter.git",
                "reference": "99f31e76bd06876cd3bf789f9d2774f79818b7df"
            },
            "dist": {
                "type": "zip",
                "url": "https://api.github.com/repos/bcit-ci/CodeIgniter/zipball/99f31e76bd06876cd3bf789f9d2774f79818b7df",
                "reference": "99f31e76bd06876cd3bf789f9d2774f79818b7df",
                "shasum": ""
            },
            "require": {
                "php": ">=5.2.4"
            },
            "require-dev": {
                "mikey179/vfsstream": "1.1.*"
            },
            "type": "library",
            "notification-url": "https://packagist.org/downloads/",
            "license": [
                "MIT"
            ],
            "description": "The CodeIgniter framework",
            "time": "2015-01-11 03:24:23"
        },
        {
            "name": "compwright/codeigniter-installers",
            "version": "dev-master",
            "source": {
                "type": "git",
                "url": "https://github.com/compwright/codeigniter-installers.git",
                "reference": "adbbd5ae2cbf5a24a39931235b1ac7dab56abb4f"
            },
            "dist": {
                "type": "zip",
                "url": "https://api.github.com/repos/compwright/codeigniter-installers/zipball/adbbd5ae2cbf5a24a39931235b1ac7dab56abb4f",
                "reference": "adbbd5ae2cbf5a24a39931235b1ac7dab56abb4f",
                "shasum": ""
            },
            "require-dev": {
                "composer/composer": "1.0.*@dev"
            },
            "type": "composer-installer",
            "extra": {
                "class": "Composer\\Installer\\CodeigniterInstaller"
            },
            "autoload": {
                "psr-0": {
                    "Composer\\Installer": "src/"
                }
            },
            "notification-url": "https://packagist.org/downloads/",
            "license": [
                "MIT"
            ],
            "authors": [
                {
                    "name": "Jonathon Hill",
                    "email": "jhill9693@gmail.com",
                    "homepage": "http://jonathonhill.net",
                    "role": "Developer"
                }
            ],
            "description": "Composer installers for CodeIgniter",
            "homepage": "https://github.com/compwright/codeigniter-installers",
            "keywords": [
                "MX",
                "codeigniter",
                "composer",
                "core",
                "hmvc",
                "installer",
                "library",
                "module",
                "spark",
                "sparks"
            ],
            "time": "2012-11-12 16:11:38"
        }
    ],
    "packages-dev": [
        {
            "name": "twitter/bootstrap",
            "version": "dev-master",
            "source": {
                "type": "git",
                "url": "https://github.com/twbs/bootstrap.git",
                "reference": "f11a3a31f1382f212f9255671535d87060078355"
            },
            "dist": {
                "type": "zip",
                "url": "https://api.github.com/repos/twbs/bootstrap/zipball/f11a3a31f1382f212f9255671535d87060078355",
                "reference": "f11a3a31f1382f212f9255671535d87060078355",
                "shasum": ""
            },
            "replace": {
                "twitter/bootstrap": "self.version"
            },
            "type": "library",
            "extra": {
                "branch-alias": {
                    "dev-master": "3.3.x-dev"
                }
            },
            "notification-url": "https://packagist.org/downloads/",
            "license": [
                "MIT"
            ],
            "authors": [
                {
                    "name": "Jacob Thornton",
                    "email": "jacobthornton@gmail.com"
                },
                {
                    "name": "Mark Otto",
                    "email": "markdotto@gmail.com"
                }
            ],
            "description": "The most popular front-end framework for developing responsive, mobile first projects on the web.",
            "homepage": "http://getbootstrap.com",
            "keywords": [
                "JS",
                "css",
                "framework",
                "front-end",
                "less",
                "mobile-first",
                "responsive",
                "web"
            ],
            "time": "2014-12-12 22:31:30"
        }
    ],
    "aliases": [],
    "minimum-stability": "stable",
    "stability-flags": {
        "codeigniter/framework": 20,
        "compwright/codeigniter-installers": 20,
        "twitter/bootstrap": 20
    },
    "prefer-stable": false,
    "prefer-lowest": false,
    "platform": [],
    "platform-dev": []
}
